
Microsoft Visual Studio Solution File, Format Version 12.00
# Visual Studio 15
Project("{FAE04EC0-301F-11D3-BF4B-00C04F79EFBC}") = "Assembly-CSharp", "Assembly-CSharp.csproj", "{D0C0224F-85CF-AC2B-6286-7255A6BFA95C}"
EndProject
Project("{FAE04EC0-301F-11D3-BF4B-00C04F79EFBC}") = "Assembly-CSharp-Editor", "Assembly-CSharp-Editor.csproj", "{AEB8E4E9-41AE-24AC-C3D2-5C9AFDD7D667}"
EndProject
Global
	GlobalSection(SolutionConfigurationPlatforms) = preSolution
		Debug|Any CPU = Debug|Any CPU
		Release|Any CPU = Release|Any CPU
	EndGlobalSection
	GlobalSection(ProjectConfigurationPlatforms) = postSolution
		{D0C0224F-85CF-AC2B-6286-7255A6BFA95C}.Debug|Any CPU.ActiveCfg = Debug|Any CPU
		{D0C0224F-85CF-AC2B-6286-7255A6BFA95C}.Debug|Any CPU.Build.0 = Debug|Any CPU
		{D0C0224F-85CF-AC2B-6286-7255A6BFA95C}.Release|Any CPU.ActiveCfg = Release|Any CPU
		{D0C0224F-85CF-AC2B-6286-7255A6BFA95C}.Release|Any CPU.Build.0 = Release|Any CPU
		{AEB8E4E9-41AE-24AC-C3D2-5C9AFDD7D667}.Debug|Any CPU.ActiveCfg = Debug|Any CPU
		{AEB8E4E9-41AE-24AC-C3D2-5C9AFDD7D667}.Debug|Any CPU.Build.0 = Debug|Any CPU
		{AEB8E4E9-41AE-24AC-C3D2-5C9AFDD7D667}.Release|Any CPU.ActiveCfg = Release|Any CPU
		{AEB8E4E9-41AE-24AC-C3D2-5C9AFDD7D667}.Release|Any CPU.Build.0 = Release|Any CPU
	EndGlobalSection
	GlobalSection(SolutionProperties) = preSolution
		HideSolutionNode = FALSE
	EndGlobalSection
EndGlobal
